
Microsoft Visual Studio Solution File, Format Version 12.00
# Visual Studio 15
VisualStudioVersion = 15.0.26430.6
MinimumVisualStudioVersion = 10.0.40219.1
Project("{2150E333-8FDC-42A3-9474-1A3956D46DE8}") = "1 - Presentation", "1 - Presentation", "{A17402FC-D1DD-4010-94F6-4DF7D2F7EE17}"
EndProject
Project("{2150E333-8FDC-42A3-9474-1A3956D46DE8}") = "2 - Application", "2 - Application", "{5E08F292-E9D8-4CC8-BA6F-33F5BEBB5E02}"
EndProject
Project("{2150E333-8FDC-42A3-9474-1A3956D46DE8}") = "4 - Domain", "4 - Domain", "{540C6894-525E-4219-B25A-07B0FB36CF62}"
EndProject
Project("{2150E333-8FDC-42A3-9474-1A3956D46DE8}") = "5 - Infra", "5 - Infra", "{8EE5B9D3-A91F-4E8B-86F6-25832E04915B}"
EndProject
Project("{9A19103F-16F7-4668-BE54-9A1E7A4F7556}") = "PibNP.Domain", "src\PibNP.Domain\PibNP.Domain.csproj", "{D766F4F0-0AB1-4E75-A669-62F10ECFBDC8}"
EndProject
Project("{2150E333-8FDC-42A3-9474-1A3956D46DE8}") = "6 - Tests", "6 - Tests", "{9BD3C246-9357-4CEB-B27E-F5304F2EC443}"
EndProject
Project("{9A19103F-16F7-4668-BE54-9A1E7A4F7556}") = "PibNP.Infra.IoC", "src\PibNP.Infra.IoC\PibNP.Infra.IoC.csproj", "{8BA19204-BCE0-42C1-B881-9406859B226F}"
EndProject
Project("{2150E333-8FDC-42A3-9474-1A3956D46DE8}") = "2 - Data", "2 - Data", "{3F30C48E-DD73-4522-A3E7-E77CD65C12ED}"
EndProject
Project("{9A19103F-16F7-4668-BE54-9A1E7A4F7556}") = "PibNP.Data", "src\PibNP.Data\PibNP.Data.csproj", "{06E6A415-472F-4F42-8E6A-86DC70E3034D}"
EndProject
Project("{2150E333-8FDC-42A3-9474-1A3956D46DE8}") = "7 - SharedKernel", "7 - SharedKernel", "{0BAD4659-03CC-4D49-A732-0EA4C7780B50}"
	ProjectSection(SolutionItems) = preProject
		leia.txt = leia.txt
	EndProjectSection
EndProject
Project("{9A19103F-16F7-4668-BE54-9A1E7A4F7556}") = "PibNP.UnitTest", "src\PibNP.UnitTest\PibNP.UnitTest.csproj", "{FF1A8EBD-D0AF-46A6-A09E-45927E90167A}"
EndProject
Project("{9A19103F-16F7-4668-BE54-9A1E7A4F7556}") = "PibNP.Core", "src\PibNP.Core\PibNP.Core.csproj", "{3AD69903-248B-40CB-AFB8-3791EEB12329}"
EndProject
Project("{FAE04EC0-301F-11D3-BF4B-00C04F79EFBC}") = "PibNP.Domain.Core", "src\PibNP.Domain.Core\PibNP.Domain.Core.csproj", "{F5EBAD09-63D6-4C18-83C4-3BE003FD99F9}"
EndProject
Global
	GlobalSection(SolutionConfigurationPlatforms) = preSolution
		Debug|Any CPU = Debug|Any CPU
		Release|Any CPU = Release|Any CPU
	EndGlobalSection
	GlobalSection(ProjectConfigurationPlatforms) = postSolution
		{D766F4F0-0AB1-4E75-A669-62F10ECFBDC8}.Debug|Any CPU.ActiveCfg = Debug|Any CPU
		{D766F4F0-0AB1-4E75-A669-62F10ECFBDC8}.Debug|Any CPU.Build.0 = Debug|Any CPU
		{D766F4F0-0AB1-4E75-A669-62F10ECFBDC8}.Release|Any CPU.ActiveCfg = Release|Any CPU
		{D766F4F0-0AB1-4E75-A669-62F10ECFBDC8}.Release|Any CPU.Build.0 = Release|Any CPU
		{8BA19204-BCE0-42C1-B881-9406859B226F}.Debug|Any CPU.ActiveCfg = Debug|Any CPU
		{8BA19204-BCE0-42C1-B881-9406859B226F}.Debug|Any CPU.Build.0 = Debug|Any CPU
		{8BA19204-BCE0-42C1-B881-9406859B226F}.Release|Any CPU.ActiveCfg = Release|Any CPU
		{8BA19204-BCE0-42C1-B881-9406859B226F}.Release|Any CPU.Build.0 = Release|Any CPU
		{06E6A415-472F-4F42-8E6A-86DC70E3034D}.Debug|Any CPU.ActiveCfg = Debug|Any CPU
		{06E6A415-472F-4F42-8E6A-86DC70E3034D}.Debug|Any CPU.Build.0 = Debug|Any CPU
		{06E6A415-472F-4F42-8E6A-86DC70E3034D}.Release|Any CPU.ActiveCfg = Release|Any CPU
		{06E6A415-472F-4F42-8E6A-86DC70E3034D}.Release|Any CPU.Build.0 = Release|Any CPU
		{FF1A8EBD-D0AF-46A6-A09E-45927E90167A}.Debug|Any CPU.ActiveCfg = Debug|Any CPU
		{FF1A8EBD-D0AF-46A6-A09E-45927E90167A}.Debug|Any CPU.Build.0 = Debug|Any CPU
		{FF1A8EBD-D0AF-46A6-A09E-45927E90167A}.Release|Any CPU.ActiveCfg = Release|Any CPU
		{FF1A8EBD-D0AF-46A6-A09E-45927E90167A}.Release|Any CPU.Build.0 = Release|Any CPU
		{3AD69903-248B-40CB-AFB8-3791EEB12329}.Debug|Any CPU.ActiveCfg = Debug|Any CPU
		{3AD69903-248B-40CB-AFB8-3791EEB12329}.Debug|Any CPU.Build.0 = Debug|Any CPU
		{3AD69903-248B-40CB-AFB8-3791EEB12329}.Release|Any CPU.ActiveCfg = Release|Any CPU
		{3AD69903-248B-40CB-AFB8-3791EEB12329}.Release|Any CPU.Build.0 = Release|Any CPU
		{F5EBAD09-63D6-4C18-83C4-3BE003FD99F9}.Debug|Any CPU.ActiveCfg = Debug|Any CPU
		{F5EBAD09-63D6-4C18-83C4-3BE003FD99F9}.Debug|Any CPU.Build.0 = Debug|Any CPU
		{F5EBAD09-63D6-4C18-83C4-3BE003FD99F9}.Release|Any CPU.ActiveCfg = Release|Any CPU
		{F5EBAD09-63D6-4C18-83C4-3BE003FD99F9}.Release|Any CPU.Build.0 = Release|Any CPU
	EndGlobalSection
	GlobalSection(SolutionProperties) = preSolution
		HideSolutionNode = FALSE
	EndGlobalSection
	GlobalSection(NestedProjects) = preSolution
		{D766F4F0-0AB1-4E75-A669-62F10ECFBDC8} = {540C6894-525E-4219-B25A-07B0FB36CF62}
		{8BA19204-BCE0-42C1-B881-9406859B226F} = {8EE5B9D3-A91F-4E8B-86F6-25832E04915B}
		{06E6A415-472F-4F42-8E6A-86DC70E3034D} = {3F30C48E-DD73-4522-A3E7-E77CD65C12ED}
		{FF1A8EBD-D0AF-46A6-A09E-45927E90167A} = {9BD3C246-9357-4CEB-B27E-F5304F2EC443}
		{3AD69903-248B-40CB-AFB8-3791EEB12329} = {0BAD4659-03CC-4D49-A732-0EA4C7780B50}
		{F5EBAD09-63D6-4C18-83C4-3BE003FD99F9} = {540C6894-525E-4219-B25A-07B0FB36CF62}
	EndGlobalSection
EndGlobal
